
Microsoft Visual Studio Solution File, Format Version 12.00
# Visual Studio Version 16
VisualStudioVersion = 16.0.30128.74
MinimumVisualStudioVersion = 10.0.40219.1
Project("{FAE04EC0-301F-11D3-BF4B-00C04F79EFBC}") = "ServeralControlPrac", "ServeralControlPrac\ServeralControlPrac.csproj", "{0F874863-3C9A-41A2-9C8A-E07CA186B4C0}"
EndProject
Global
	GlobalSection(SolutionConfigurationPlatforms) = preSolution
		Debug|Any CPU = Debug|Any CPU
		Release|Any CPU = Release|Any CPU
	EndGlobalSection
	GlobalSection(ProjectConfigurationPlatforms) = postSolution
		{0F874863-3C9A-41A2-9C8A-E07CA186B4C0}.Debug|Any CPU.ActiveCfg = Debug|Any CPU
		{0F874863-3C9A-41A2-9C8A-E07CA186B4C0}.Debug|Any CPU.Build.0 = Debug|Any CPU
		{0F874863-3C9A-41A2-9C8A-E07CA186B4C0}.Release|Any CPU.ActiveCfg = Release|Any CPU
		{0F874863-3C9A-41A2-9C8A-E07CA186B4C0}.Release|Any CPU.Build.0 = Release|Any CPU
	EndGlobalSection
	GlobalSection(SolutionProperties) = preSolution
		HideSolutionNode = FALSE
	EndGlobalSection
	GlobalSection(ExtensibilityGlobals) = postSolution
		SolutionGuid = {504B7766-6AE8-4169-BD9F-19124AA89FFE}
	EndGlobalSection
EndGlobal
